
Microsoft Visual Studio Solution File, Format Version 12.00
# Visual Studio Version 17
VisualStudioVersion = 17.4.33110.190
MinimumVisualStudioVersion = 10.0.40219.1
Project("{FAE04EC0-301F-11D3-BF4B-00C04F79EFBC}") = "PropertyFilterApi", "PropertyFilterApi\PropertyFilterApi.csproj", "{D0D67BDB-6450-41FD-A97D-1046495B769B}"
EndProject
Project("{2150E333-8FDC-42A3-9474-1A3956D46DE8}") = "PropertyFilterHttp", "PropertyFilterHttp", "{92049113-F757-4294-9453-58B11DE008A1}"
	ProjectSection(SolutionItems) = preProject
		..\..\..\Desktop\Lily\SearchingCondoInformation-master\PropertiesFilter.http = ..\..\..\Desktop\Lily\SearchingCondoInformation-master\PropertiesFilter.http
	EndProjectSection
EndProject
Global
	GlobalSection(SolutionConfigurationPlatforms) = preSolution
		Debug|Any CPU = Debug|Any CPU
		Release|Any CPU = Release|Any CPU
	EndGlobalSection
	GlobalSection(ProjectConfigurationPlatforms) = postSolution
		{D0D67BDB-6450-41FD-A97D-1046495B769B}.Debug|Any CPU.ActiveCfg = Debug|Any CPU
		{D0D67BDB-6450-41FD-A97D-1046495B769B}.Debug|Any CPU.Build.0 = Debug|Any CPU
		{D0D67BDB-6450-41FD-A97D-1046495B769B}.Release|Any CPU.ActiveCfg = Release|Any CPU
		{D0D67BDB-6450-41FD-A97D-1046495B769B}.Release|Any CPU.Build.0 = Release|Any CPU
	EndGlobalSection
	GlobalSection(SolutionProperties) = preSolution
		HideSolutionNode = FALSE
	EndGlobalSection
	GlobalSection(ExtensibilityGlobals) = postSolution
		SolutionGuid = {CD83A395-07ED-427E-AF42-9D6834F43D81}
	EndGlobalSection
EndGlobal
